
Microsoft Visual Studio Solution File, Format Version 12.00
# Visual Studio Version 17
VisualStudioVersion = 17.5.33627.172
MinimumVisualStudioVersion = 10.0.40219.1
Project("{FAE04EC0-301F-11D3-BF4B-00C04F79EFBC}") = "exercise_1", "exercise_1\exercise_1.csproj", "{0CDB9858-7461-4E85-A7E1-E2FAD25D5BAF}"
EndProject
Global
	GlobalSection(SolutionConfigurationPlatforms) = preSolution
		Debug|Any CPU = Debug|Any CPU
		Release|Any CPU = Release|Any CPU
	EndGlobalSection
	GlobalSection(ProjectConfigurationPlatforms) = postSolution
		{0CDB9858-7461-4E85-A7E1-E2FAD25D5BAF}.Debug|Any CPU.ActiveCfg = Debug|Any CPU
		{0CDB9858-7461-4E85-A7E1-E2FAD25D5BAF}.Debug|Any CPU.Build.0 = Debug|Any CPU
		{0CDB9858-7461-4E85-A7E1-E2FAD25D5BAF}.Release|Any CPU.ActiveCfg = Release|Any CPU
		{0CDB9858-7461-4E85-A7E1-E2FAD25D5BAF}.Release|Any CPU.Build.0 = Release|Any CPU
	EndGlobalSection
	GlobalSection(SolutionProperties) = preSolution
		HideSolutionNode = FALSE
	EndGlobalSection
	GlobalSection(ExtensibilityGlobals) = postSolution
		SolutionGuid = {AFFBFB15-7E41-4166-A1A0-D97E54828360}
	EndGlobalSection
EndGlobal
